
Microsoft Visual Studio Solution File, Format Version 12.00
# Visual Studio 15
Project("{2150E333-8FDC-42A3-9474-1A3956D46DE8}") = "Solution Items", "Solution Items", "{6DE62764-3204-496E-A1AD-9656F3A1BA09}"
	ProjectSection(SolutionItems) = preProject
		README.md = README.md
	EndProjectSection
EndProject
Project("{FAE04EC0-301F-11D3-BF4B-00C04F79EFBC}") = "CodeLifter.Http", "CodeLifter.Http\CodeLifter.Http.csproj", "{EA7F6DF0-CE07-4F1D-A5BC-4E278C1701DC}"
EndProject
Project("{FAE04EC0-301F-11D3-BF4B-00C04F79EFBC}") = "CodeLifter.Http.Test", "CodeLifter.Http.Test\CodeLifter.Http.Test.csproj", "{A4CE4F98-4189-4683-B697-B93F8AD20A9F}"
EndProject
Project("{FAE04EC0-301F-11D3-BF4B-00C04F79EFBC}") = "CodeLifter.Http.Demo", "CodeLifter.Http.Demo\CodeLifter.Http.Demo.csproj", "{C9EA9AA2-490A-4900-A9E8-66FF75CCE87C}"
EndProject
Global
	GlobalSection(SolutionConfigurationPlatforms) = preSolution
		Debug|Any CPU = Debug|Any CPU
		Release|Any CPU = Release|Any CPU
	EndGlobalSection
	GlobalSection(ProjectConfigurationPlatforms) = postSolution
		{EA7F6DF0-CE07-4F1D-A5BC-4E278C1701DC}.Debug|Any CPU.ActiveCfg = Debug|Any CPU
		{EA7F6DF0-CE07-4F1D-A5BC-4E278C1701DC}.Debug|Any CPU.Build.0 = Debug|Any CPU
		{EA7F6DF0-CE07-4F1D-A5BC-4E278C1701DC}.Release|Any CPU.ActiveCfg = Release|Any CPU
		{EA7F6DF0-CE07-4F1D-A5BC-4E278C1701DC}.Release|Any CPU.Build.0 = Release|Any CPU
		{A4CE4F98-4189-4683-B697-B93F8AD20A9F}.Debug|Any CPU.ActiveCfg = Debug|Any CPU
		{A4CE4F98-4189-4683-B697-B93F8AD20A9F}.Debug|Any CPU.Build.0 = Debug|Any CPU
		{A4CE4F98-4189-4683-B697-B93F8AD20A9F}.Release|Any CPU.ActiveCfg = Release|Any CPU
		{A4CE4F98-4189-4683-B697-B93F8AD20A9F}.Release|Any CPU.Build.0 = Release|Any CPU
		{C9EA9AA2-490A-4900-A9E8-66FF75CCE87C}.Debug|Any CPU.ActiveCfg = Debug|Any CPU
		{C9EA9AA2-490A-4900-A9E8-66FF75CCE87C}.Debug|Any CPU.Build.0 = Debug|Any CPU
		{C9EA9AA2-490A-4900-A9E8-66FF75CCE87C}.Release|Any CPU.ActiveCfg = Release|Any CPU
		{C9EA9AA2-490A-4900-A9E8-66FF75CCE87C}.Release|Any CPU.Build.0 = Release|Any CPU
	EndGlobalSection
EndGlobal
