
Microsoft Visual Studio Solution File, Format Version 12.00
# Visual Studio 15
Project("{FAE04EC0-301F-11D3-BF4B-00C04F79EFBC}") = "CodeLifter.Http", "CodeLifter.Http.csproj", "{DDDBAB70-91CD-4518-A9DA-5FA3FDC59854}"
EndProject
Global
	GlobalSection(SolutionConfigurationPlatforms) = preSolution
		Debug|Any CPU = Debug|Any CPU
		Release|Any CPU = Release|Any CPU
	EndGlobalSection
	GlobalSection(ProjectConfigurationPlatforms) = postSolution
		{DDDBAB70-91CD-4518-A9DA-5FA3FDC59854}.Debug|Any CPU.ActiveCfg = Debug|Any CPU
		{DDDBAB70-91CD-4518-A9DA-5FA3FDC59854}.Debug|Any CPU.Build.0 = Debug|Any CPU
		{DDDBAB70-91CD-4518-A9DA-5FA3FDC59854}.Release|Any CPU.ActiveCfg = Release|Any CPU
		{DDDBAB70-91CD-4518-A9DA-5FA3FDC59854}.Release|Any CPU.Build.0 = Release|Any CPU
	EndGlobalSection
EndGlobal
